
Microsoft Visual Studio Solution File, Format Version 12.00
# Visual Studio Version 17
VisualStudioVersion = 17.12.35527.113 d17.12
MinimumVisualStudioVersion = 10.0.40219.1
Project("{FAE04EC0-301F-11D3-BF4B-00C04F79EFBC}") = "CAR RACING", "CAR RACING\CAR RACING.csproj", "{0ECE0226-2A36-4110-9319-5F76DFE1F16E}"
EndProject
Global
	GlobalSection(SolutionConfigurationPlatforms) = preSolution
		Debug|Any CPU = Debug|Any CPU
		Release|Any CPU = Release|Any CPU
	EndGlobalSection
	GlobalSection(ProjectConfigurationPlatforms) = postSolution
		{0ECE0226-2A36-4110-9319-5F76DFE1F16E}.Debug|Any CPU.ActiveCfg = Debug|Any CPU
		{0ECE0226-2A36-4110-9319-5F76DFE1F16E}.Debug|Any CPU.Build.0 = Debug|Any CPU
		{0ECE0226-2A36-4110-9319-5F76DFE1F16E}.Release|Any CPU.ActiveCfg = Release|Any CPU
		{0ECE0226-2A36-4110-9319-5F76DFE1F16E}.Release|Any CPU.Build.0 = Release|Any CPU
	EndGlobalSection
	GlobalSection(SolutionProperties) = preSolution
		HideSolutionNode = FALSE
	EndGlobalSection
EndGlobal
